
Microsoft Visual Studio Solution File, Format Version 12.00
# Visual Studio 15
VisualStudioVersion = 15.0.27703.2047
MinimumVisualStudioVersion = 10.0.40219.1
Project("{9092AA53-FB77-4645-B42D-1CCCA6BD08BD}") = "ghstwrtr", "ghstwrtr.njsproj", "{B53823F7-1D03-43FC-8231-CFC001226855}"
EndProject
Global
	GlobalSection(SolutionConfigurationPlatforms) = preSolution
		Debug|Any CPU = Debug|Any CPU
		Release|Any CPU = Release|Any CPU
	EndGlobalSection
	GlobalSection(ProjectConfigurationPlatforms) = postSolution
		{B53823F7-1D03-43FC-8231-CFC001226855}.Debug|Any CPU.ActiveCfg = Debug|Any CPU
		{B53823F7-1D03-43FC-8231-CFC001226855}.Debug|Any CPU.Build.0 = Debug|Any CPU
		{B53823F7-1D03-43FC-8231-CFC001226855}.Release|Any CPU.ActiveCfg = Release|Any CPU
		{B53823F7-1D03-43FC-8231-CFC001226855}.Release|Any CPU.Build.0 = Release|Any CPU
	EndGlobalSection
	GlobalSection(SolutionProperties) = preSolution
		HideSolutionNode = FALSE
	EndGlobalSection
	GlobalSection(ExtensibilityGlobals) = postSolution
		SolutionGuid = {97513011-10BD-46F5-A5A6-DEB427162588}
	EndGlobalSection
EndGlobal
